dependencies:
- name: postgresql
  repository: https://kubernetes-charts.storage.googleapis.com/
  version: 0.15.0
- name: redis
  repository: https://kubernetes-charts.storage.googleapis.com/
  version: 3.6.5
digest: sha256:40fd125538a2bc80aa23cc6d13ab6ac57235166070894d53de2de2f7da764c1a
generated: 2018-08-30T12:38:17.345106666-04:00
